
Microsoft Visual Studio Solution File, Format Version 12.00
# Visual Studio Version 16
VisualStudioVersion = 16.0.30320.27
MinimumVisualStudioVersion = 10.0.40219.1
Project("{151D2E53-A2C4-4D7D-83FE-D05416EBD58E}") = "AzureWorkshop", "AzureWorkshop\AzureWorkshop.deployproj", "{101ECB99-6CEB-4DC8-A5BB-58A782347A8B}"
EndProject
Global
	GlobalSection(SolutionConfigurationPlatforms) = preSolution
		Debug|Any CPU = Debug|Any CPU
		Release|Any CPU = Release|Any CPU
	EndGlobalSection
	GlobalSection(ProjectConfigurationPlatforms) = postSolution
		{101ECB99-6CEB-4DC8-A5BB-58A782347A8B}.Debug|Any CPU.ActiveCfg = Debug|Any CPU
		{101ECB99-6CEB-4DC8-A5BB-58A782347A8B}.Debug|Any CPU.Build.0 = Debug|Any CPU
		{101ECB99-6CEB-4DC8-A5BB-58A782347A8B}.Release|Any CPU.ActiveCfg = Release|Any CPU
		{101ECB99-6CEB-4DC8-A5BB-58A782347A8B}.Release|Any CPU.Build.0 = Release|Any CPU
	EndGlobalSection
	GlobalSection(SolutionProperties) = preSolution
		HideSolutionNode = FALSE
	EndGlobalSection
	GlobalSection(ExtensibilityGlobals) = postSolution
		SolutionGuid = {3975D61C-860C-4F4D-A03C-EF126DA7B69A}
	EndGlobalSection
EndGlobal
